
Microsoft Visual Studio Solution File, Format Version 12.00
# Visual Studio Version 17
VisualStudioVersion = 17.0.31903.59
MinimumVisualStudioVersion = 10.0.40219.1
Project("{FAE04EC0-301F-11D3-BF4B-00C04F79EFBC}") = "SetupManager.Core", "SetupManager.Core\SetupManager.Core.csproj", "{BEA900C2-E2C3-4FDC-8251-B845B3A1EAE0}"
EndProject
Project("{FAE04EC0-301F-11D3-BF4B-00C04F79EFBC}") = "SetupManager.Tests", "SetupManager.Tests\SetupManager.Tests.csproj", "{24E1DD30-FC31-4E34-B00E-03B94373919B}"
EndProject
Project("{FAE04EC0-301F-11D3-BF4B-00C04F79EFBC}") = "SetupManager.Services", "SetupManager.Services\SetupManager.Services.csproj", "{8746D345-F6F1-4167-8CA0-ED090C957148}"
EndProject
Global
	GlobalSection(SolutionConfigurationPlatforms) = preSolution
		Debug|Any CPU = Debug|Any CPU
		Release|Any CPU = Release|Any CPU
	EndGlobalSection
	GlobalSection(SolutionProperties) = preSolution
		HideSolutionNode = FALSE
	EndGlobalSection
	GlobalSection(ProjectConfigurationPlatforms) = postSolution
		{BEA900C2-E2C3-4FDC-8251-B845B3A1EAE0}.Debug|Any CPU.ActiveCfg = Debug|Any CPU
		{BEA900C2-E2C3-4FDC-8251-B845B3A1EAE0}.Debug|Any CPU.Build.0 = Debug|Any CPU
		{BEA900C2-E2C3-4FDC-8251-B845B3A1EAE0}.Release|Any CPU.ActiveCfg = Release|Any CPU
		{BEA900C2-E2C3-4FDC-8251-B845B3A1EAE0}.Release|Any CPU.Build.0 = Release|Any CPU
		{24E1DD30-FC31-4E34-B00E-03B94373919B}.Debug|Any CPU.ActiveCfg = Debug|Any CPU
		{24E1DD30-FC31-4E34-B00E-03B94373919B}.Debug|Any CPU.Build.0 = Debug|Any CPU
		{24E1DD30-FC31-4E34-B00E-03B94373919B}.Release|Any CPU.ActiveCfg = Release|Any CPU
		{24E1DD30-FC31-4E34-B00E-03B94373919B}.Release|Any CPU.Build.0 = Release|Any CPU
		{8746D345-F6F1-4167-8CA0-ED090C957148}.Debug|Any CPU.ActiveCfg = Debug|Any CPU
		{8746D345-F6F1-4167-8CA0-ED090C957148}.Debug|Any CPU.Build.0 = Debug|Any CPU
		{8746D345-F6F1-4167-8CA0-ED090C957148}.Release|Any CPU.ActiveCfg = Release|Any CPU
		{8746D345-F6F1-4167-8CA0-ED090C957148}.Release|Any CPU.Build.0 = Release|Any CPU
	EndGlobalSection
EndGlobal
